{
  "name": "antlr4",
  "version": "1.0.0",
  "lockfileVersion": 2,
  "requires": true,
  "packages": {
    "": {
      "name": "antlr4",
      "version": "1.0.0",
      "license": "ISC",
      "dependencies": {
        "antlr4": "^4.13.1-patch-1"
      }
    },
    "node_modules/antlr4": {
      "version": "4.13.1-patch-1",
      "resolved": "https://registry.npmmirror.com/antlr4/-/antlr4-4.13.1-patch-1.tgz",
      "integrity": "sha512-OjFLWWLzDMV9rdFhpvroCWR4ooktNg9/nvVYSA5z28wuVpU36QUNuioR1XLnQtcjVlf8npjyz593PxnU/f/Cow==",
      "engines": {
        "node": ">=16"
      }
    }
  },
  "dependencies": {
    "antlr4": {
      "version": "4.13.1-patch-1",
      "resolved": "https://registry.npmmirror.com/antlr4/-/antlr4-4.13.1-patch-1.tgz",
      "integrity": "sha512-OjFLWWLzDMV9rdFhpvroCWR4ooktNg9/nvVYSA5z28wuVpU36QUNuioR1XLnQtcjVlf8npjyz593PxnU/f/Cow=="
    }
  }
}
